// !$*UTF8*$!
{
	archiveVersion = 1;
	classes = {
	};
	objectVersion = 56;
	objects = {

/* Begin PBXBuildFile section */
		FC0B110F298968830092B04B /* AppDelegate.swift in Sources */ = {isa = PBXBuildFile; fileRef = FC0B110E298968830092B04B /* AppDelegate.swift */; };
		FC0B1111298968830092B04B /* SceneDelegate.swift in Sources */ = {isa = PBXBuildFile; fileRef = FC0B1110298968830092B04B /* SceneDelegate.swift */; };
		FC0B1113298968830092B04B /* ViewController.swift in Sources */ = {isa = PBXBuildFile; fileRef = FC0B1112298968830092B04B /* ViewController.swift */; };
		FC0B1116298968830092B04B /* Main.storyboard in Resources */ = {isa = PBXBuildFile; fileRef = FC0B1114298968830092B04B /* Main.storyboard */; };
		FC0B1118298968850092B04B /* Assets.xcassets in Resources */ = {isa = PBXBuildFile; fileRef = FC0B1117298968850092B04B /* Assets.xcassets */; };
		FC0B111B298968850092B04B /* LaunchScreen.storyboard in Resources */ = {isa = PBXBuildFile; fileRef = FC0B1119298968850092B04B /* LaunchScreen.storyboard */; };
		FC0B112329896EE80092B04B /* Lato-Black.ttf in Resources */ = {isa = PBXBuildFile; fileRef = FC0B112229896EE80092B04B /* Lato-Black.ttf */; };
		FC0B1125298974C00092B04B /* Lato-Bold.ttf in Resources */ = {isa = PBXBuildFile; fileRef = FC0B1124298974C00092B04B /* Lato-Bold.ttf */; };
		FC0B1127298976790092B04B /* Lato-Regular.ttf in Resources */ = {isa = PBXBuildFile; fileRef = FC0B1126298976790092B04B /* Lato-Regular.ttf */; };
		FC332C6A298C27120097BDAF /* Poppins-Medium.ttf in Resources */ = {isa = PBXBuildFile; fileRef = FC332C68298C27120097BDAF /* Poppins-Medium.ttf */; };
		FC332C6B298C27120097BDAF /* Poppins-Regular.ttf in Resources */ = {isa = PBXBuildFile; fileRef = FC332C69298C27120097BDAF /* Poppins-Regular.ttf */; };
		FC55814E298A4CC100231AA4 /* Lato-Semibold.ttf in Resources */ = {isa = PBXBuildFile; fileRef = FC55814D298A4CC100231AA4 /* Lato-Semibold.ttf */; };
		FC6EA292298E523A002B7B84 /* Lato-Medium.ttf in Resources */ = {isa = PBXBuildFile; fileRef = FC6EA291298E523A002B7B84 /* Lato-Medium.ttf */; };
/* End PBXBuildFile section */

/* Begin PBXFileReference section */
		FC0B110B298968830092B04B /* Figma Fitness App.app */ = {isa = PBXFileReference; explicitFileType = wrapper.application; includeInIndex = 0; path = "Figma Fitness App.app"; sourceTree = BUILT_PRODUCTS_DIR; };
		FC0B110E298968830092B04B /* AppDelegate.swift */ = {isa = PBXFileReference; lastKnownFileType = sourcecode.swift; path = AppDelegate.swift; sourceTree = "<group>"; };
		FC0B1110298968830092B04B /* SceneDelegate.swift */ = {isa = PBXFileReference; lastKnownFileType = sourcecode.swift; path = SceneDelegate.swift; sourceTree = "<group>"; };
		FC0B1112298968830092B04B /* ViewController.swift */ = {isa = PBXFileReference; lastKnownFileType = sourcecode.swift; path = ViewController.swift; sourceTree = "<group>"; };
		FC0B1115298968830092B04B /* Base */ = {isa = PBXFileReference; lastKnownFileType = file.storyboard; name = Base; path = Base.lproj/Main.storyboard; sourceTree = "<group>"; };
		FC0B1117298968850092B04B /* Assets.xcassets */ = {isa = PBXFileReference; lastKnownFileType = folder.assetcatalog; path = Assets.xcassets; sourceTree = "<group>"; };
		FC0B111A298968850092B04B /* Base */ = {isa = PBXFileReference; lastKnownFileType = file.storyboard; name = Base; path = Base.lproj/LaunchScreen.storyboard; sourceTree = "<group>"; };
		FC0B111C298968850092B04B /* Info.plist */ = {isa = PBXFileReference; lastKnownFileType = text.plist.xml; path = Info.plist; sourceTree = "<group>"; };
		FC0B112229896EE80092B04B /* Lato-Black.ttf */ = {isa = PBXFileReference; lastKnownFileType = file; path = "Lato-Black.ttf"; sourceTree = "<group>"; };
		FC0B1124298974C00092B04B /* Lato-Bold.ttf */ = {isa = PBXFileReference; lastKnownFileType = file; path = "Lato-Bold.ttf"; sourceTree = "<group>"; };
		FC0B1126298976790092B04B /* Lato-Regular.ttf */ = {isa = PBXFileReference; lastKnownFileType = file; path = "Lato-Regular.ttf"; sourceTree = "<group>"; };
		FC332C68298C27120097BDAF /* Poppins-Medium.ttf */ = {isa = PBXFileReference; lastKnownFileType = file; path = "Poppins-Medium.ttf"; sourceTree = "<group>"; };
		FC332C69298C27120097BDAF /* Poppins-Regular.ttf */ = {isa = PBXFileReference; lastKnownFileType = file; path = "Poppins-Regular.ttf"; sourceTree = "<group>"; };
		FC55814D298A4CC100231AA4 /* Lato-Semibold.ttf */ = {isa = PBXFileReference; lastKnownFileType = file; path = "Lato-Semibold.ttf"; sourceTree = "<group>"; };
		FC6EA291298E523A002B7B84 /* Lato-Medium.ttf */ = {isa = PBXFileReference; lastKnownFileType = file; path = "Lato-Medium.ttf"; sourceTree = "<group>"; };
/* End PBXFileReference section */

/* Begin PBXFrameworksBuildPhase section */
		FC0B1108298968830092B04B /* Frameworks */ = {
			isa = PBXFrameworksBuildPhase;
			buildActionMask = 2147483647;
			files = (
			);
			runOnlyForDeploymentPostprocessing = 0;
		};
/* End PBXFrameworksBuildPhase section */

/* Begin PBXGroup section */
		FC0B1102298968830092B04B = {
			isa = PBXGroup;
			children = (
				FC0B110D298968830092B04B /* Figma Fitness App */,
				FC0B110C298968830092B04B /* Products */,
			);
			sourceTree = "<group>";
		};
		FC0B110C298968830092B04B /* Products */ = {
			isa = PBXGroup;
			children = (
				FC0B110B298968830092B04B /* Figma Fitness App.app */,
			);
			name = Products;
			sourceTree = "<group>";
		};
		FC0B110D298968830092B04B /* Figma Fitness App */ = {
			isa = PBXGroup;
			children = (
				FC0B1126298976790092B04B /* Lato-Regular.ttf */,
				FC0B112229896EE80092B04B /* Lato-Black.ttf */,
				FC0B1124298974C00092B04B /* Lato-Bold.ttf */,
				FC55814D298A4CC100231AA4 /* Lato-Semibold.ttf */,
				FC332C68298C27120097BDAF /* Poppins-Medium.ttf */,
				FC332C69298C27120097BDAF /* Poppins-Regular.ttf */,
				FC0B110E298968830092B04B /* AppDelegate.swift */,
				FC0B1110298968830092B04B /* SceneDelegate.swift */,
				FC0B1112298968830092B04B /* ViewController.swift */,
				FC0B1114298968830092B04B /* Main.storyboard */,
				FC0B1117298968850092B04B /* Assets.xcassets */,
				FC0B1119298968850092B04B /* LaunchScreen.storyboard */,
				FC0B111C298968850092B04B /* Info.plist */,
				FC6EA291298E523A002B7B84 /* Lato-Medium.ttf */,
			);
			path = "Figma Fitness App";
			sourceTree = "<group>";
		};
/* End PBXGroup section */

/* Begin PBXNativeTarget section */
		FC0B110A298968830092B04B /* Figma Fitness App */ = {
			isa = PBXNativeTarget;
			buildConfigurationList = FC0B111F298968850092B04B /* Build configuration list for PBXNativeTarget "Figma Fitness App" */;
			buildPhases = (
				FC0B1107298968830092B04B /* Sources */,
				FC0B1108298968830092B04B /* Frameworks */,
				FC0B1109298968830092B04B /* Resources */,
			);
			buildRules = (
			);
			dependencies = (
			);
			name = "Figma Fitness App";
			productName = "Figma Fitness App";
			productReference = FC0B110B298968830092B04B /* Figma Fitness App.app */;
			productType = "com.apple.product-type.application";
		};
/* End PBXNativeTarget section */

/* Begin PBXProject section */
		FC0B1103298968830092B04B /* Project object */ = {
			isa = PBXProject;
			attributes = {
				BuildIndependentTargetsInParallel = 1;
				LastSwiftUpdateCheck = 1410;
				LastUpgradeCheck = 1410;
				TargetAttributes = {
					FC0B110A298968830092B04B = {
						CreatedOnToolsVersion = 14.1;
					};
				};
			};
			buildConfigurationList = FC0B1106298968830092B04B /* Build configuration list for PBXProject "Figma Fitness App" */;
			compatibilityVersion = "Xcode 14.0";
			developmentRegion = en;
			hasScannedForEncodings = 0;
			knownRegions = (
				en,
				Base,
			);
			mainGroup = FC0B1102298968830092B04B;
			productRefGroup = FC0B110C298968830092B04B /* Products */;
			projectDirPath = "";
			projectRoot = "";
			targets = (
				FC0B110A298968830092B04B /* Figma Fitness App */,
			);
		};
/* End PBXProject section */

/* Begin PBXResourcesBuildPhase section */
		FC0B1109298968830092B04B /* Resources */ = {
			isa = PBXResourcesBuildPhase;
			buildActionMask = 2147483647;
			files = (
				FC55814E298A4CC100231AA4 /* Lato-Semibold.ttf in Resources */,
				FC0B112329896EE80092B04B /* Lato-Black.ttf in Resources */,
				FC0B1127298976790092B04B /* Lato-Regular.ttf in Resources */,
				FC332C6B298C27120097BDAF /* Poppins-Regular.ttf in Resources */,
				FC0B1125298974C00092B04B /* Lato-Bold.ttf in Resources */,
				FC6EA292298E523A002B7B84 /* Lato-Medium.ttf in Resources */,
				FC0B111B298968850092B04B /* LaunchScreen.storyboard in Resources */,
				FC332C6A298C27120097BDAF /* Poppins-Medium.ttf in Resources */,
				FC0B1118298968850092B04B /* Assets.xcassets in Resources */,
				FC0B1116298968830092B04B /* Main.storyboard in Resources */,
			);
			runOnlyForDeploymentPostprocessing = 0;
		};
/* End PBXResourcesBuildPhase section */

/* Begin PBXSourcesBuildPhase section */
		FC0B1107298968830092B04B /* Sources */ = {
			isa = PBXSourcesBuildPhase;
			buildActionMask = 2147483647;
			files = (
				FC0B1113298968830092B04B /* ViewController.swift in Sources */,
				FC0B110F298968830092B04B /* AppDelegate.swift in Sources */,
				FC0B1111298968830092B04B /* SceneDelegate.swift in Sources */,
			);
			runOnlyForDeploymentPostprocessing = 0;
		};
/* End PBXSourcesBuildPhase section */

/* Begin PBXVariantGroup section */
		FC0B1114298968830092B04B /* Main.storyboard */ = {
			isa = PBXVariantGroup;
			children = (
				FC0B1115298968830092B04B /* Base */,
			);
			name = Main.storyboard;
			sourceTree = "<group>";
		};
		FC0B1119298968850092B04B /* LaunchScreen.storyboard */ = {
			isa = PBXVariantGroup;
			children = (
				FC0B111A298968850092B04B /* Base */,
			);
			name = LaunchScreen.storyboard;
			sourceTree = "<group>";
		};
/* End PBXVariantGroup section */

/* Begin XCBuildConfiguration section */
		FC0B111D298968850092B04B /* Debug */ = {
			isa = XCBuildConfiguration;
			buildSettings = {
				ALWAYS_SEARCH_USER_PATHS = NO;
				CLANG_ANALYZER_NONNULL = YES;
				CLANG_ANALYZER_NUMBER_OBJECT_CONVERSION = YES_AGGRESSIVE;
				CLANG_CXX_LANGUAGE_STANDARD = "gnu++20";
				CLANG_ENABLE_MODULES = YES;
				CLANG_ENABLE_OBJC_ARC = YES;
				CLANG_ENABLE_OBJC_WEAK = YES;
				CLANG_WARN_BLOCK_CAPTURE_AUTORELEASING = YES;
				CLANG_WARN_BOOL_CONVERSION = YES;
				CLANG_WARN_COMMA = YES;
				CLANG_WARN_CONSTANT_CONVERSION = YES;
				CLANG_WARN_DEPRECATED_OBJC_IMPLEMENTATIONS = YES;
				CLANG_WARN_DIRECT_OBJC_ISA_USAGE = YES_ERROR;
				CLANG_WARN_DOCUMENTATION_COMMENTS = YES;
				CLANG_WARN_EMPTY_BODY = YES;
				CLANG_WARN_ENUM_CONVERSION = YES;
				CLANG_WARN_INFINITE_RECURSION = YES;
				CLANG_WARN_INT_CONVERSION = YES;
				CLANG_WARN_NON_LITERAL_NULL_CONVERSION = YES;
				CLANG_WARN_OBJC_IMPLICIT_RETAIN_SELF = YES;
				CLANG_WARN_OBJC_LITERAL_CONVERSION = YES;
				CLANG_WARN_OBJC_ROOT_CLASS = YES_ERROR;
				CLANG_WARN_QUOTED_INCLUDE_IN_FRAMEWORK_HEADER = YES;
				CLANG_WARN_RANGE_LOOP_ANALYSIS = YES;
				CLANG_WARN_STRICT_PROTOTYPES = YES;
				CLANG_WARN_SUSPICIOUS_MOVE = YES;
				CLANG_WARN_UNGUARDED_AVAILABILITY = YES_AGGRESSIVE;
				CLANG_WARN_UNREACHABLE_CODE = YES;
				CLANG_WARN__DUPLICATE_METHOD_MATCH = YES;
				COPY_PHASE_STRIP = NO;
				DEBUG_INFORMATION_FORMAT = dwarf;
				ENABLE_STRICT_OBJC_MSGSEND = YES;
				ENABLE_TESTABILITY = YES;
				GCC_C_LANGUAGE_STANDARD = gnu11;
				GCC_DYNAMIC_NO_PIC = NO;
				GCC_NO_COMMON_BLOCKS = YES;
				GCC_OPTIMIZATION_LEVEL = 0;
				GCC_PREPROCESSOR_DEFINITIONS = (
					"DEBUG=1",
					"$(inherited)",
				);
				GCC_WARN_64_TO_32_BIT_CONVERSION = YES;
				GCC_WARN_ABOUT_RETURN_TYPE = YES_ERROR;
				GCC_WARN_UNDECLARED_SELECTOR = YES;
				GCC_WARN_UNINITIALIZED_AUTOS = YES_AGGRESSIVE;
				GCC_WARN_UNUSED_FUNCTION = YES;
				GCC_WARN_UNUSED_VARIABLE = YES;
				IPHONEOS_DEPLOYMENT_TARGET = 16.1;
				MTL_ENABLE_DEBUG_INFO = INCLUDE_SOURCE;
				MTL_FAST_MATH = YES;
				ONLY_ACTIVE_ARCH = YES;
				SDKROOT = iphoneos;
				SWIFT_ACTIVE_COMPILATION_CONDITIONS = DEBUG;
				SWIFT_OPTIMIZATION_LEVEL = "-Onone";
			};
			name = Debug;
		};
		FC0B111E298968850092B04B /* Release */ = {
			isa = XCBuildConfiguration;
			buildSettings = {
				ALWAYS_SEARCH_USER_PATHS = NO;
				CLANG_ANALYZER_NONNULL = YES;
				CLANG_ANALYZER_NUMBER_OBJECT_CONVERSION = YES_AGGRESSIVE;
				CLANG_CXX_LANGUAGE_STANDARD = "gnu++20";
				CLANG_ENABLE_MODULES = YES;
				CLANG_ENABLE_OBJC_ARC = YES;
				CLANG_ENABLE_OBJC_WEAK = YES;
				CLANG_WARN_BLOCK_CAPTURE_AUTORELEASING = YES;
				CLANG_WARN_BOOL_CONVERSION = YES;
				CLANG_WARN_COMMA = YES;
				CLANG_WARN_CONSTANT_CONVERSION = YES;
				CLANG_WARN_DEPRECATED_OBJC_IMPLEMENTATIONS = YES;
				CLANG_WARN_DIRECT_OBJC_ISA_USAGE = YES_ERROR;
				CLANG_WARN_DOCUMENTATION_COMMENTS = YES;
				CLANG_WARN_EMPTY_BODY = YES;
				CLANG_WARN_ENUM_CONVERSION = YES;
				CLANG_WARN_INFINITE_RECURSION = YES;
				CLANG_WARN_INT_CONVERSION = YES;
				CLANG_WARN_NON_LITERAL_NULL_CONVERSION = YES;
				CLANG_WARN_OBJC_IMPLICIT_RETAIN_SELF = YES;
				CLANG_WARN_OBJC_LITERAL_CONVERSION = YES;
				CLANG_WARN_OBJC_ROOT_CLASS = YES_ERROR;
				CLANG_WARN_QUOTED_INCLUDE_IN_FRAMEWORK_HEADER = YES;
				CLANG_WARN_RANGE_LOOP_ANALYSIS = YES;
				CLANG_WARN_STRICT_PROTOTYPES = YES;
				CLANG_WARN_SUSPICIOUS_MOVE = YES;
				CLANG_WARN_UNGUARDED_AVAILABILITY = YES_AGGRESSIVE;
				CLANG_WARN_UNREACHABLE_CODE = YES;
				CLANG_WARN__DUPLICATE_METHOD_MATCH = YES;
				COPY_PHASE_STRIP = NO;
				DEBUG_INFORMATION_FORMAT = "dwarf-with-dsym";
				ENABLE_NS_ASSERTIONS = NO;
				ENABLE_STRICT_OBJC_MSGSEND = YES;
				GCC_C_LANGUAGE_STANDARD = gnu11;
				GCC_NO_COMMON_BLOCKS = YES;
				GCC_WARN_64_TO_32_BIT_CONVERSION = YES;
				GCC_WARN_ABOUT_RETURN_TYPE = YES_ERROR;
				GCC_WARN_UNDECLARED_SELECTOR = YES;
				GCC_WARN_UNINITIALIZED_AUTOS = YES_AGGRESSIVE;
				GCC_WARN_UNUSED_FUNCTION = YES;
				GCC_WARN_UNUSED_VARIABLE = YES;
				IPHONEOS_DEPLOYMENT_TARGET = 16.1;
				MTL_ENABLE_DEBUG_INFO = NO;
				MTL_FAST_MATH = YES;
				SDKROOT = iphoneos;
				SWIFT_COMPILATION_MODE = wholemodule;
				SWIFT_OPTIMIZATION_LEVEL = "-O";
				VALIDATE_PRODUCT = YES;
			};
			name = Release;
		};
		FC0B1120298968850092B04B /* Debug */ = {
			isa = XCBuildConfiguration;
			buildSettings = {
				ASSETCATALOG_COMPILER_APPICON_NAME = AppIcon;
				ASSETCATALOG_COMPILER_GLOBAL_ACCENT_COLOR_NAME = AccentColor;
				CODE_SIGN_STYLE = Automatic;
				CURRENT_PROJECT_VERSION = 1;
				DEVELOPMENT_TEAM = WY78FBFM76;
				GENERATE_INFOPLIST_FILE = YES;
				INFOPLIST_FILE = "Figma Fitness App/Info.plist";
				INFOPLIST_KEY_UIApplicationSupportsIndirectInputEvents = YES;
				INFOPLIST_KEY_UILaunchStoryboardName = LaunchScreen;
				INFOPLIST_KEY_UIMainStoryboardFile = Main;
				INFOPLIST_KEY_UISupportedInterfaceOrientations_iPad = "UIInterfaceOrientationPortrait UIInterfaceOrientationPortraitUpsideDown UIInterfaceOrientationLandscapeLeft UIInterfaceOrientationLandscapeRight";
				INFOPLIST_KEY_UISupportedInterfaceOrientations_iPhone = "UIInterfaceOrientationPortrait UIInterfaceOrientationLandscapeLeft UIInterfaceOrientationLandscapeRight";
				LD_RUNPATH_SEARCH_PATHS = (
					"$(inherited)",
					"@executable_path/Frameworks",
				);
				MARKETING_VERSION = 1.0;
				PRODUCT_BUNDLE_IDENTIFIER = "Practice.Figma-Fitness-App";
				PRODUCT_NAME = "$(TARGET_NAME)";
				SWIFT_EMIT_LOC_STRINGS = YES;
				SWIFT_VERSION = 5.0;
				TARGETED_DEVICE_FAMILY = "1,2";
			};
			name = Debug;
		};
		FC0B1121298968850092B04B /* Release */ = {
			isa = XCBuildConfiguration;
			buildSettings = {
				ASSETCATALOG_COMPILER_APPICON_NAME = AppIcon;
				ASSETCATALOG_COMPILER_GLOBAL_ACCENT_COLOR_NAME = AccentColor;
				CODE_SIGN_STYLE = Automatic;
				CURRENT_PROJECT_VERSION = 1;
				DEVELOPMENT_TEAM = WY78FBFM76;
				GENERATE_INFOPLIST_FILE = YES;
				INFOPLIST_FILE = "Figma Fitness App/Info.plist";
				INFOPLIST_KEY_UIApplicationSupportsIndirectInputEvents = YES;
				INFOPLIST_KEY_UILaunchStoryboardName = LaunchScreen;
				INFOPLIST_KEY_UIMainStoryboardFile = Main;
				INFOPLIST_KEY_UISupportedInterfaceOrientations_iPad = "UIInterfaceOrientationPortrait UIInterfaceOrientationPortraitUpsideDown UIInterfaceOrientationLandscapeLeft UIInterfaceOrientationLandscapeRight";
				INFOPLIST_KEY_UISupportedInterfaceOrientations_iPhone = "UIInterfaceOrientationPortrait UIInterfaceOrientationLandscapeLeft UIInterfaceOrientationLandscapeRight";
				LD_RUNPATH_SEARCH_PATHS = (
					"$(inherited)",
					"@executable_path/Frameworks",
				);
				MARKETING_VERSION = 1.0;
				PRODUCT_BUNDLE_IDENTIFIER = "Practice.Figma-Fitness-App";
				PRODUCT_NAME = "$(TARGET_NAME)";
				SWIFT_EMIT_LOC_STRINGS = YES;
				SWIFT_VERSION = 5.0;
				TARGETED_DEVICE_FAMILY = "1,2";
			};
			name = Release;
		};
/* End XCBuildConfiguration section */

/* Begin XCConfigurationList section */
		FC0B1106298968830092B04B /* Build configuration list for PBXProject "Figma Fitness App" */ = {
			isa = XCConfigurationList;
			buildConfigurations = (
				FC0B111D298968850092B04B /* Debug */,
				FC0B111E298968850092B04B /* Release */,
			);
			defaultConfigurationIsVisible = 0;
			defaultConfigurationName = Release;
		};
		FC0B111F298968850092B04B /* Build configuration list for PBXNativeTarget "Figma Fitness App" */ = {
			isa = XCConfigurationList;
			buildConfigurations = (
				FC0B1120298968850092B04B /* Debug */,
				FC0B1121298968850092B04B /* Release */,
			);
			defaultConfigurationIsVisible = 0;
			defaultConfigurationName = Release;
		};
/* End XCConfigurationList section */
	};
	rootObject = FC0B1103298968830092B04B /* Project object */;
}
